Microsoft Visual Studio Solution File, Format Version 12.00
# Visual Studio Version 17
VisualStudioVersion = 17.5.2.0
MinimumVisualStudioVersion = 10.0.40219.1
Project("{FAE04EC0-301F-11D3-BF4B-00C04F79EFBC}") = "Lab_1_Doubly_Linked_Lists", "labs\Lab_1_Doubly_Linked_Lists.csproj", "{DBE370A6-2F7A-C4FA-68AA-0855ACA96A0B}"
EndProject
Project("{2150E333-8FDC-42A3-9474-1A3956D46DE8}") = "labs", "labs", "{908A2AE8-7277-8D33-5900-B70622523C2F}"
EndProject
Project("{2150E333-8FDC-42A3-9474-1A3956D46DE8}") = "src", "src", "{DD098749-737C-2CA0-2EE1-37D625582699}"
EndProject
Project("{FAE04EC0-301F-11D3-BF4B-00C04F79EFBC}") = "AST", "labs\src\AST\AST.csproj", "{8477EC2F-10C4-007A-D6AC-936849332ADF}"
EndProject
Project("{FAE04EC0-301F-11D3-BF4B-00C04F79EFBC}") = "Tokenizer.Tests", "labs\src\Tokenizer.Tests\Tokenizer.Tests.csproj", "{B555E65B-F7CE-FEED-4DF1-D5747233333B}"
EndProject
Project("{2150E333-8FDC-42A3-9474-1A3956D46DE8}") = "AST (1)", "AST (1)", "{FEF6C24F-FA9E-5DA5-0FC1-BD02B28D47C1}"
EndProject
Project("{FAE04EC0-301F-11D3-BF4B-00C04F79EFBC}") = "Builders", "labs\src\AST\Builders\Builders.csproj", "{F16403A5-1AB0-3740-834E-E15D45D196C0}"
EndProject
Project("{FAE04EC0-301F-11D3-BF4B-00C04F79EFBC}") = "Builders.Tests", "labs\src\AST\Builders.Tests\Builders.Tests.csproj", "{4DEB5130-A083-1D18-B223-99E232DD8AF0}"
EndProject
Project("{2150E333-8FDC-42A3-9474-1A3956D46DE8}") = "Utilities", "Utilities", "{1CFF8390-05A1-0B85-D000-6AA0BBBD39F5}"
EndProject
Project("{FAE04EC0-301F-11D3-BF4B-00C04F79EFBC}") = "Containers", "labs\src\Utilities\Containers\Containers.csproj", "{2469E931-BB24-C88E-4304-5697EC85491B}"
EndProject
Project("{FAE04EC0-301F-11D3-BF4B-00C04F79EFBC}") = "Containers.Tests", "labs\src\Utilities\Containers.Tests\Containers.Tests.csproj", "{12AA1A84-FF19-8510-0A7B-11D0B1157E25}"
EndProject
Global
	GlobalSection(SolutionConfigurationPlatforms) = preSolution
		Debug|Any CPU = Debug|Any CPU
		Release|Any CPU = Release|Any CPU
	EndGlobalSection
	GlobalSection(ProjectConfigurationPlatforms) = postSolution
		{DBE370A6-2F7A-C4FA-68AA-0855ACA96A0B}.Debug|Any CPU.ActiveCfg = Debug|Any CPU
		{DBE370A6-2F7A-C4FA-68AA-0855ACA96A0B}.Debug|Any CPU.Build.0 = Debug|Any CPU
		{DBE370A6-2F7A-C4FA-68AA-0855ACA96A0B}.Release|Any CPU.ActiveCfg = Release|Any CPU
		{DBE370A6-2F7A-C4FA-68AA-0855ACA96A0B}.Release|Any CPU.Build.0 = Release|Any CPU
		{8477EC2F-10C4-007A-D6AC-936849332ADF}.Debug|Any CPU.ActiveCfg = Debug|Any CPU
		{8477EC2F-10C4-007A-D6AC-936849332ADF}.Debug|Any CPU.Build.0 = Debug|Any CPU
		{8477EC2F-10C4-007A-D6AC-936849332ADF}.Release|Any CPU.ActiveCfg = Release|Any CPU
		{8477EC2F-10C4-007A-D6AC-936849332ADF}.Release|Any CPU.Build.0 = Release|Any CPU
		{B555E65B-F7CE-FEED-4DF1-D5747233333B}.Debug|Any CPU.ActiveCfg = Debug|Any CPU
		{B555E65B-F7CE-FEED-4DF1-D5747233333B}.Debug|Any CPU.Build.0 = Debug|Any CPU
		{B555E65B-F7CE-FEED-4DF1-D5747233333B}.Release|Any CPU.ActiveCfg = Release|Any CPU
		{B555E65B-F7CE-FEED-4DF1-D5747233333B}.Release|Any CPU.Build.0 = Release|Any CPU
		{F16403A5-1AB0-3740-834E-E15D45D196C0}.Debug|Any CPU.ActiveCfg = Debug|Any CPU
		{F16403A5-1AB0-3740-834E-E15D45D196C0}.Debug|Any CPU.Build.0 = Debug|Any CPU
		{F16403A5-1AB0-3740-834E-E15D45D196C0}.Release|Any CPU.ActiveCfg = Release|Any CPU
		{F16403A5-1AB0-3740-834E-E15D45D196C0}.Release|Any CPU.Build.0 = Release|Any CPU
		{4DEB5130-A083-1D18-B223-99E232DD8AF0}.Debug|Any CPU.ActiveCfg = Debug|Any CPU
		{4DEB5130-A083-1D18-B223-99E232DD8AF0}.Debug|Any CPU.Build.0 = Debug|Any CPU
		{4DEB5130-A083-1D18-B223-99E232DD8AF0}.Release|Any CPU.ActiveCfg = Release|Any CPU
		{4DEB5130-A083-1D18-B223-99E232DD8AF0}.Release|Any CPU.Build.0 = Release|Any CPU
		{2469E931-BB24-C88E-4304-5697EC85491B}.Debug|Any CPU.ActiveCfg = Debug|Any CPU
		{2469E931-BB24-C88E-4304-5697EC85491B}.Debug|Any CPU.Build.0 = Debug|Any CPU
		{2469E931-BB24-C88E-4304-5697EC85491B}.Release|Any CPU.ActiveCfg = Release|Any CPU
		{2469E931-BB24-C88E-4304-5697EC85491B}.Release|Any CPU.Build.0 = Release|Any CPU
		{12AA1A84-FF19-8510-0A7B-11D0B1157E25}.Debug|Any CPU.ActiveCfg = Debug|Any CPU
		{12AA1A84-FF19-8510-0A7B-11D0B1157E25}.Debug|Any CPU.Build.0 = Debug|Any CPU
		{12AA1A84-FF19-8510-0A7B-11D0B1157E25}.Release|Any CPU.ActiveCfg = Release|Any CPU
		{12AA1A84-FF19-8510-0A7B-11D0B1157E25}.Release|Any CPU.Build.0 = Release|Any CPU
	EndGlobalSection
	GlobalSection(SolutionProperties) = preSolution
		HideSolutionNode = FALSE
	EndGlobalSection
	GlobalSection(NestedProjects) = preSolution
		{DD098749-737C-2CA0-2EE1-37D625582699} = {908A2AE8-7277-8D33-5900-B70622523C2F}
		{8477EC2F-10C4-007A-D6AC-936849332ADF} = {DD098749-737C-2CA0-2EE1-37D625582699}
		{B555E65B-F7CE-FEED-4DF1-D5747233333B} = {DD098749-737C-2CA0-2EE1-37D625582699}
		{FEF6C24F-FA9E-5DA5-0FC1-BD02B28D47C1} = {DD098749-737C-2CA0-2EE1-37D625582699}
		{F16403A5-1AB0-3740-834E-E15D45D196C0} = {FEF6C24F-FA9E-5DA5-0FC1-BD02B28D47C1}
		{4DEB5130-A083-1D18-B223-99E232DD8AF0} = {FEF6C24F-FA9E-5DA5-0FC1-BD02B28D47C1}
		{1CFF8390-05A1-0B85-D000-6AA0BBBD39F5} = {DD098749-737C-2CA0-2EE1-37D625582699}
		{2469E931-BB24-C88E-4304-5697EC85491B} = {1CFF8390-05A1-0B85-D000-6AA0BBBD39F5}
		{12AA1A84-FF19-8510-0A7B-11D0B1157E25} = {1CFF8390-05A1-0B85-D000-6AA0BBBD39F5}
	EndGlobalSection
	GlobalSection(ExtensibilityGlobals) = postSolution
		SolutionGuid = {DCDEBD7E-625B-4319-9A74-D2FEB316B849}
	EndGlobalSection
EndGlobal
